
Microsoft Visual Studio Solution File, Format Version 12.00
# Visual Studio Version 17
VisualStudioVersion = 17.8.34525.116
MinimumVisualStudioVersion = 10.0.40219.1
Project("{FAE04EC0-301F-11D3-BF4B-00C04F79EFBC}") = "KodlamaIoModelleme", "KodlamaIoModelleme.csproj", "{A7649BAD-90C0-48D1-B3EF-D055D54DC504}"
EndProject
Global
	GlobalSection(SolutionConfigurationPlatforms) = preSolution
		Debug|Any CPU = Debug|Any CPU
		Release|Any CPU = Release|Any CPU
	EndGlobalSection
	GlobalSection(ProjectConfigurationPlatforms) = postSolution
		{A7649BAD-90C0-48D1-B3EF-D055D54DC504}.Debug|Any CPU.ActiveCfg = Debug|Any CPU
		{A7649BAD-90C0-48D1-B3EF-D055D54DC504}.Debug|Any CPU.Build.0 = Debug|Any CPU
		{A7649BAD-90C0-48D1-B3EF-D055D54DC504}.Release|Any CPU.ActiveCfg = Release|Any CPU
		{A7649BAD-90C0-48D1-B3EF-D055D54DC504}.Release|Any CPU.Build.0 = Release|Any CPU
	EndGlobalSection
	GlobalSection(SolutionProperties) = preSolution
		HideSolutionNode = FALSE
	EndGlobalSection
	GlobalSection(ExtensibilityGlobals) = postSolution
		SolutionGuid = {BFA1E930-C3BB-4E6F-AEED-F0AAEADEBA16}
	EndGlobalSection
EndGlobal
